version: 5
environments:
  default:
    channels:
    - url: https://conda.anaconda.org/conda-forge/
    packages:
      osx-arm64:
      - conda: https://conda.anaconda.org/conda-forge/noarch/aiofiles-24.1.0-pyhd8ed1ab_0.conda
      - conda: https://conda.anaconda.org/conda-forge/noarch/aiohappyeyeballs-2.4.3-pyhd8ed1ab_0.conda
      - conda: https://conda.anaconda.org/conda-forge/osx-arm64/aiohttp-3.10.10-py312h906988d_0.conda
      - conda: https://conda.anaconda.org/conda-forge/noarch/aiosignal-1.3.1-pyhd8ed1ab_0.tar.bz2
      - conda: https://conda.anaconda.org/conda-forge/noarch/attrs-24.2.0-pyh71513ae_0.conda
      - conda: https://conda.anaconda.org/conda-forge/noarch/boltons-24.0.0-pyhd8ed1ab_0.conda
      - conda: https://conda.anaconda.org/conda-forge/osx-arm64/bzip2-1.0.8-h99b78c6_7.conda
      - conda: https://conda.anaconda.org/conda-forge/osx-arm64/ca-certificates-2024.8.30-hf0a4a13_0.conda
      - conda: https://conda.anaconda.org/conda-forge/noarch/click-8.1.7-unix_pyh707e725_0.conda
      - conda: https://conda.anaconda.org/conda-forge/noarch/click-log-0.4.0-pyhd8ed1ab_0.tar.bz2
      - conda: https://conda.anaconda.org/conda-forge/noarch/dinghy-1.1.0-pyhd8ed1ab_0.conda
      - conda: https://conda.anaconda.org/conda-forge/noarch/emoji-2.14.0-pyhd8ed1ab_0.conda
      - conda: https://conda.anaconda.org/conda-forge/noarch/face-20.1.1-py_0.tar.bz2
      - conda: https://conda.anaconda.org/conda-forge/osx-arm64/frozenlist-1.4.1-py312h024a12e_1.conda
      - conda: https://conda.anaconda.org/conda-forge/noarch/glom-23.5.0-pyhd8ed1ab_0.conda
      - conda: https://conda.anaconda.org/conda-forge/noarch/idna-3.10-pyhd8ed1ab_0.conda
      - conda: https://conda.anaconda.org/conda-forge/noarch/jinja2-3.1.4-pyhd8ed1ab_0.conda
      - conda: https://conda.anaconda.org/conda-forge/osx-arm64/libexpat-2.6.3-hf9b8971_0.conda
      - conda: https://conda.anaconda.org/conda-forge/osx-arm64/libffi-3.4.2-h3422bc3_5.tar.bz2
      - conda: https://conda.anaconda.org/conda-forge/osx-arm64/libsqlite-3.46.1-hc14010f_0.conda
      - conda: https://conda.anaconda.org/conda-forge/osx-arm64/libzlib-1.3.1-h8359307_2.conda
      - conda: https://conda.anaconda.org/conda-forge/osx-arm64/markupsafe-3.0.1-py312h906988d_1.conda
      - conda: https://conda.anaconda.org/conda-forge/osx-arm64/multidict-6.1.0-py312hdb8e49c_1.conda
      - conda: https://conda.anaconda.org/conda-forge/osx-arm64/ncurses-6.5-h7bae524_1.conda
      - conda: https://conda.anaconda.org/conda-forge/osx-arm64/openssl-3.3.2-h8359307_0.conda
      - conda: https://conda.anaconda.org/conda-forge/osx-arm64/propcache-0.2.0-py312h024a12e_2.conda
      - conda: https://conda.anaconda.org/conda-forge/osx-arm64/python-3.12.7-h739c21a_0_cpython.conda
      - conda: https://conda.anaconda.org/conda-forge/osx-arm64/python_abi-3.12-5_cp312.conda
      - conda: https://conda.anaconda.org/conda-forge/osx-arm64/pyyaml-6.0.2-py312h024a12e_1.conda
      - conda: https://conda.anaconda.org/conda-forge/osx-arm64/readline-8.2-h92ec313_1.conda
      - conda: https://conda.anaconda.org/conda-forge/osx-arm64/tk-8.6.13-h5083fa2_1.conda
      - conda: https://conda.anaconda.org/conda-forge/noarch/typing_extensions-4.12.2-pyha770c72_0.conda
      - conda: https://conda.anaconda.org/conda-forge/noarch/tzdata-2024b-hc8b5060_0.conda
      - conda: https://conda.anaconda.org/conda-forge/osx-arm64/xz-5.2.6-h57fd34a_0.tar.bz2
      - conda: https://conda.anaconda.org/conda-forge/osx-arm64/yaml-0.2.5-h3422bc3_2.tar.bz2
      - conda: https://conda.anaconda.org/conda-forge/osx-arm64/yarl-1.15.3-py312h0bf5046_0.conda
packages:
- kind: conda
  name: aiofiles
  version: 24.1.0
  build: pyhd8ed1ab_0
  subdir: noarch
  noarch: python
  url: https://conda.anaconda.org/conda-forge/noarch/aiofiles-24.1.0-pyhd8ed1ab_0.conda
  sha256: 952c008a978fa535719c8b8a29f45ab38d337652208dab4d984ab315d7c48dca
  md5: 4633b8454633369192cb320dd5fb9ccf
  depends:
  - python >=3.7
  license: Apache-2.0
  license_family: Apache
  size: 19697
  timestamp: 1719472618255
- kind: conda
  name: aiohappyeyeballs
  version: 2.4.3
  build: pyhd8ed1ab_0
  subdir: noarch
  noarch: python
  url: https://conda.anaconda.org/conda-forge/noarch/aiohappyeyeballs-2.4.3-pyhd8ed1ab_0.conda
  sha256: cfa5bed6ad8d00c2bc2c6ccf115e91ef1a9981b73c68537b247f1a964a841cac
  md5: ec763b0a58960558ca0ad7255a51a237
  depends:
  - python >=3.8.0
  license: PSF-2.0
  license_family: PSF
  size: 19271
  timestamp: 1727779893392
- kind: conda
  name: aiohttp
  version: 3.10.10
  build: py312h906988d_0
  subdir: osx-arm64
  url: https://conda.anaconda.org/conda-forge/osx-arm64/aiohttp-3.10.10-py312h906988d_0.conda
  sha256: f81b3f6e46ae5622b66191fdd3ff40d193b8cdd92242ba11bfa89159747406f9
  md5: f932c1be57fcd5a289e501f39735a7c2
  depends:
  - __osx >=11.0
  - aiohappyeyeballs >=2.3.0
  - aiosignal >=1.1.2
  - attrs >=17.3.0
  - frozenlist >=1.1.1
  - multidict >=4.5,<7.0
  - python >=3.12,<3.13.0a0
  - python >=3.12,<3.13.0a0 *_cpython
  - python_abi 3.12.* *_cp312
  - yarl >=1.12.0,<2.0
  license: MIT AND Apache-2.0
  license_family: Apache
  size: 807784
  timestamp: 1728629249798
- kind: conda
  name: aiosignal
  version: 1.3.1
  build: pyhd8ed1ab_0
  subdir: noarch
  noarch: python
  url: https://conda.anaconda.org/conda-forge/noarch/aiosignal-1.3.1-pyhd8ed1ab_0.tar.bz2
  sha256: 575c742e14c86575986dc867463582a970463da50b77264cdf54df74f5563783
  md5: d1e1eb7e21a9e2c74279d87dafb68156
  depends:
  - frozenlist >=1.1.0
  - python >=3.7
  license: Apache-2.0
  license_family: APACHE
  size: 12730
  timestamp: 1667935912504
- kind: conda
  name: attrs
  version: 24.2.0
  build: pyh71513ae_0
  subdir: noarch
  noarch: python
  url: https://conda.anaconda.org/conda-forge/noarch/attrs-24.2.0-pyh71513ae_0.conda
  sha256: 28dba85a7e0f7fb57d7315e13f603d1e41b83c5b88aa2a602596b52c833a2ff8
  md5: 6732fa52eb8e66e5afeb32db8701a791
  depends:
  - python >=3.7
  license: MIT
  license_family: MIT
  size: 56048
  timestamp: 1722977241383
- kind: conda
  name: boltons
  version: 24.0.0
  build: pyhd8ed1ab_0
  subdir: noarch
  noarch: python
  url: https://conda.anaconda.org/conda-forge/noarch/boltons-24.0.0-pyhd8ed1ab_0.conda
  sha256: e44d07932306392372411ab1261670a552f96077f925af00c1559a18a73a1bdc
  md5: 61de176bd62041f9cd5bd4fcd09eb0ff
  depends:
  - python ==2.7.*|>=3.7
  license: BSD-3-Clause
  license_family: BSD
  size: 297896
  timestamp: 1711936529147
- kind: conda
  name: bzip2
  version: 1.0.8
  build: h99b78c6_7
  build_number: 7
  subdir: osx-arm64
  url: https://conda.anaconda.org/conda-forge/osx-arm64/bzip2-1.0.8-h99b78c6_7.conda
  sha256: adfa71f158cbd872a36394c56c3568e6034aa55c623634b37a4836bd036e6b91
  md5: fc6948412dbbbe9a4c9ddbbcfe0a79ab
  depends:
  - __osx >=11.0
  license: bzip2-1.0.6
  license_family: BSD
  size: 122909
  timestamp: 1720974522888
- kind: conda
  name: ca-certificates
  version: 2024.8.30
  build: hf0a4a13_0
  subdir: osx-arm64
  url: https://conda.anaconda.org/conda-forge/osx-arm64/ca-certificates-2024.8.30-hf0a4a13_0.conda
  sha256: 2db1733f4b644575dbbdd7994a8f338e6ef937f5ebdb74acd557e9dda0211709
  md5: 40dec13fd8348dbe303e57be74bd3d35
  license: ISC
  size: 158482
  timestamp: 1725019034582
- kind: conda
  name: click
  version: 8.1.7
  build: unix_pyh707e725_0
  subdir: noarch
  noarch: python
  url: https://conda.anaconda.org/conda-forge/noarch/click-8.1.7-unix_pyh707e725_0.conda
  sha256: f0016cbab6ac4138a429e28dbcb904a90305b34b3fe41a9b89d697c90401caec
  md5: f3ad426304898027fc619827ff428eca
  depends:
  - __unix
  - python >=3.8
  license: BSD-3-Clause
  license_family: BSD
  size: 84437
  timestamp: 1692311973840
- kind: conda
  name: click-log
  version: 0.4.0
  build: pyhd8ed1ab_0
  subdir: noarch
  noarch: python
  url: https://conda.anaconda.org/conda-forge/noarch/click-log-0.4.0-pyhd8ed1ab_0.tar.bz2
  sha256: e02f61a3051858f7efd918abb1ca46b2dd7013f421d87d9a46cee6cbf590dfea
  md5: d07460b3af507e92bee777058f8b2402
  depends:
  - click
  - python >=3.7
  license: MIT
  license_family: MIT
  size: 9524
  timestamp: 1661328048584
- kind: conda
  name: dinghy
  version: 1.1.0
  build: pyhd8ed1ab_0
  subdir: noarch
  noarch: python
  url: https://conda.anaconda.org/conda-forge/noarch/dinghy-1.1.0-pyhd8ed1ab_0.conda
  sha256: 3a4428eeffc938aba74b5a97596cfbc67fa6f224344381bd9a7ec18c4ef4325a
  md5: c8b5431eab6cb6ee7ecb916d285bcbde
  depends:
  - aiofiles >=0.8
  - aiohttp >3
  - click >8
  - click-log >0.3
  - emoji
  - glom
  - jinja2 >3
  - python >=3.8
  - pyyaml >=6
  license: Apache-2.0
  license_family: APACHE
  size: 33410
  timestamp: 1674742079713
- kind: conda
  name: emoji
  version: 2.14.0
  build: pyhd8ed1ab_0
  subdir: noarch
  noarch: python
  url: https://conda.anaconda.org/conda-forge/noarch/emoji-2.14.0-pyhd8ed1ab_0.conda
  sha256: bb1047c6c3df1eb4639b208c82344b37df0366b0de627a6a8272d984b2c7c68f
  md5: 5ca4e2bb440f247639c5967c16671b08
  depends:
  - python >=3.7
  - typing_extensions >=4.7.0
  license: BSD-3-Clause
  license_family: BSD
  size: 455553
  timestamp: 1728044896341
- kind: conda
  name: face
  version: 20.1.1
  build: py_0
  subdir: noarch
  noarch: python
  url: https://conda.anaconda.org/conda-forge/noarch/face-20.1.1-py_0.tar.bz2
  sha256: 258cf70bccf79598aac0b2dfb679037fadf8cf431350f8db570d368e2adffb6a
  md5: 982050c466153e96af957d81b25cdc98
  depends:
  - boltons
  - python
  license: BSD-3-Clause
  license_family: BSD
  size: 42565
  timestamp: 1579724635371
- kind: conda
  name: frozenlist
  version: 1.4.1
  build: py312h024a12e_1
  build_number: 1
  subdir: osx-arm64
  url: https://conda.anaconda.org/conda-forge/osx-arm64/frozenlist-1.4.1-py312h024a12e_1.conda
  sha256: 26bd6227520e1463fdc5d58fa8f7a4b13b432c9b549ac1c576057add3ec51524
  md5: 36a854ba6031d1b963db6988a561948b
  depends:
  - __osx >=11.0
  - python >=3.12,<3.13.0a0
  - python >=3.12,<3.13.0a0 *_cpython
  - python_abi 3.12.* *_cp312
  license: Apache-2.0
  license_family: APACHE
  size: 52492
  timestamp: 1725395920922
- kind: conda
  name: glom
  version: 23.5.0
  build: pyhd8ed1ab_0
  subdir: noarch
  noarch: python
  url: https://conda.anaconda.org/conda-forge/noarch/glom-23.5.0-pyhd8ed1ab_0.conda
  sha256: c1e0a68e7935342469831667021d1af3912c5bc411a0185cf3e3dfcc39b4d0e5
  md5: 8454f47418f234004f1213381a752c0d
  depends:
  - attrs
  - boltons >=19.3.0
  - face 20.1.1
  - python >=3.7
  license: BSD-3-Clause
  license_family: BSD
  size: 112382
  timestamp: 1701056304920
- kind: conda
  name: idna
  version: '3.10'
  build: pyhd8ed1ab_0
  subdir: noarch
  noarch: python
  url: https://conda.anaconda.org/conda-forge/noarch/idna-3.10-pyhd8ed1ab_0.conda
  sha256: 8c57fd68e6be5eecba4462e983aed7e85761a519aab80e834bbd7794d4b545b2
  md5: 7ba2ede0e7c795ff95088daf0dc59753
  depends:
  - python >=3.6
  license: BSD-3-Clause
  license_family: BSD
  size: 49837
  timestamp: 1726459583613
- kind: conda
  name: jinja2
  version: 3.1.4
  build: pyhd8ed1ab_0
  subdir: noarch
  noarch: python
  url: https://conda.anaconda.org/conda-forge/noarch/jinja2-3.1.4-pyhd8ed1ab_0.conda
  sha256: 27380d870d42d00350d2d52598cddaf02f9505fb24be09488da0c9b8d1428f2d
  md5: 7b86ecb7d3557821c649b3c31e3eb9f2
  depends:
  - markupsafe >=2.0
  - python >=3.7
  license: BSD-3-Clause
  license_family: BSD
  size: 111565
  timestamp: 1715127275924
- kind: conda
  name: libexpat
  version: 2.6.3
  build: hf9b8971_0
  subdir: osx-arm64
  url: https://conda.anaconda.org/conda-forge/osx-arm64/libexpat-2.6.3-hf9b8971_0.conda
  sha256: 5cbe5a199fba14ade55457a468ce663aac0b54832c39aa54470b3889b4c75c4a
  md5: 5f22f07c2ab2dea8c66fe9585a062c96
  depends:
  - __osx >=11.0
  constrains:
  - expat 2.6.3.*
  license: MIT
  license_family: MIT
  size: 63895
  timestamp: 1725568783033
- kind: conda
  name: libffi
  version: 3.4.2
  build: h3422bc3_5
  build_number: 5
  subdir: osx-arm64
  url: https://conda.anaconda.org/conda-forge/osx-arm64/libffi-3.4.2-h3422bc3_5.tar.bz2
  sha256: 41b3d13efb775e340e4dba549ab5c029611ea6918703096b2eaa9c015c0750ca
  md5: 086914b672be056eb70fd4285b6783b6
  license: MIT
  license_family: MIT
  size: 39020
  timestamp: 1636488587153
- kind: conda
  name: libsqlite
  version: 3.46.1
  build: hc14010f_0
  subdir: osx-arm64
  url: https://conda.anaconda.org/conda-forge/osx-arm64/libsqlite-3.46.1-hc14010f_0.conda
  sha256: 3725f962f490c5d44dae326d5f5b2e3c97f71a6322d914ccc85b5ddc2e50d120
  md5: 58050ec1724e58668d0126a1615553fa
  depends:
  - __osx >=11.0
  - libzlib >=1.3.1,<2.0a0
  license: Unlicense
  size: 829500
  timestamp: 1725353720793
- kind: conda
  name: libzlib
  version: 1.3.1
  build: h8359307_2
  build_number: 2
  subdir: osx-arm64
  url: https://conda.anaconda.org/conda-forge/osx-arm64/libzlib-1.3.1-h8359307_2.conda
  sha256: ce34669eadaba351cd54910743e6a2261b67009624dbc7daeeafdef93616711b
  md5: 369964e85dc26bfe78f41399b366c435
  depends:
  - __osx >=11.0
  constrains:
  - zlib 1.3.1 *_2
  license: Zlib
  license_family: Other
  size: 46438
  timestamp: 1727963202283
- kind: conda
  name: markupsafe
  version: 3.0.1
  build: py312h906988d_1
  build_number: 1
  subdir: osx-arm64
  url: https://conda.anaconda.org/conda-forge/osx-arm64/markupsafe-3.0.1-py312h906988d_1.conda
  sha256: 6fecbc3da19cabddd870ff51c29f3bc174ee0db564d2e45a1a6490969fc048dd
  md5: 1d5bfcca1e22c01219af6845ec51772f
  depends:
  - __osx >=11.0
  - python >=3.12,<3.13.0a0
  - python >=3.12,<3.13.0a0 *_cpython
  - python_abi 3.12.* *_cp312
  constrains:
  - jinja2 >=3.0.0
  license: BSD-3-Clause
  license_family: BSD
  size: 24363
  timestamp: 1728489457378
- kind: conda
  name: multidict
  version: 6.1.0
  build: py312hdb8e49c_1
  build_number: 1
  subdir: osx-arm64
  url: https://conda.anaconda.org/conda-forge/osx-arm64/multidict-6.1.0-py312hdb8e49c_1.conda
  sha256: 482fd09fb798090dc8cce2285fa69f43b1459099122eac2fb112d9b922b9f916
  md5: 0048335516fed938e4dd2c457b4c5b9b
  depends:
  - __osx >=11.0
  - python >=3.12,<3.13.0a0
  - python >=3.12,<3.13.0a0 *_cpython
  - python_abi 3.12.* *_cp312
  license: Apache-2.0
  license_family: APACHE
  size: 55968
  timestamp: 1729065664275
- kind: conda
  name: ncurses
  version: '6.5'
  build: h7bae524_1
  build_number: 1
  subdir: osx-arm64
  url: https://conda.anaconda.org/conda-forge/osx-arm64/ncurses-6.5-h7bae524_1.conda
  sha256: 27d0b9ff78ad46e1f3a6c96c479ab44beda5f96def88e2fe626e0a49429d8afc
  md5: cb2b0ea909b97b3d70cd3921d1445e1a
  depends:
  - __osx >=11.0
  license: X11 AND BSD-3-Clause
  size: 802321
  timestamp: 1724658775723
- kind: conda
  name: openssl
  version: 3.3.2
  build: h8359307_0
  subdir: osx-arm64
  url: https://conda.anaconda.org/conda-forge/osx-arm64/openssl-3.3.2-h8359307_0.conda
  sha256: 940fa01c4dc6152158fe8943e05e55a1544cab639df0994e3b35937839e4f4d1
  md5: 1773ebccdc13ec603356e8ff1db9e958
  depends:
  - __osx >=11.0
  - ca-certificates
  license: Apache-2.0
  license_family: Apache
  size: 2882450
  timestamp: 1725410638874
- kind: conda
  name: propcache
  version: 0.2.0
  build: py312h024a12e_2
  build_number: 2
  subdir: osx-arm64
  url: https://conda.anaconda.org/conda-forge/osx-arm64/propcache-0.2.0-py312h024a12e_2.conda
  sha256: 0f3a04675c6c473398f0aaa95c259e0a085d5ec106b4fa89a7efeb7cc73d5dd2
  md5: 6693e523bc43c38508efe14ab3374f0c
  depends:
  - __osx >=11.0
  - python >=3.12,<3.13.0a0
  - python >=3.12,<3.13.0a0 *_cpython
  - python_abi 3.12.* *_cp312
  license: Apache-2.0
  license_family: APACHE
  size: 47796
  timestamp: 1728545963127
- kind: conda
  name: python
  version: 3.12.7
  build: h739c21a_0_cpython
  subdir: osx-arm64
  url: https://conda.anaconda.org/conda-forge/osx-arm64/python-3.12.7-h739c21a_0_cpython.conda
  sha256: 45d7ca2074aa92594bd2f91a9003b338cc1df8a46b9492b7fc8167110783c3ef
  md5: e0d82e57ebb456077565e6d82cd4a323
  depends:
  - __osx >=11.0
  - bzip2 >=1.0.8,<2.0a0
  - libexpat >=2.6.3,<3.0a0
  - libffi >=3.4,<4.0a0
  - libsqlite >=3.46.1,<4.0a0
  - libzlib >=1.3.1,<2.0a0
  - ncurses >=6.5,<7.0a0
  - openssl >=3.3.2,<4.0a0
  - readline >=8.2,<9.0a0
  - tk >=8.6.13,<8.7.0a0
  - tzdata
  - xz >=5.2.6,<6.0a0
  constrains:
  - python_abi 3.12.* *_cp312
  license: Python-2.0
  size: 12975439
  timestamp: 1728057819519
- kind: conda
  name: python_abi
  version: '3.12'
  build: 5_cp312
  build_number: 5
  subdir: osx-arm64
  url: https://conda.anaconda.org/conda-forge/osx-arm64/python_abi-3.12-5_cp312.conda
  sha256: 49d624e4b809c799d2bf257b22c23cf3fc4460f5570d9a58e7ad86350aeaa1f4
  md5: b76f9b1c862128e56ac7aa8cd2333de9
  constrains:
  - python 3.12.* *_cpython
  license: BSD-3-Clause
  license_family: BSD
  size: 6278
  timestamp: 1723823099686
- kind: conda
  name: pyyaml
  version: 6.0.2
  build: py312h024a12e_1
  build_number: 1
  subdir: osx-arm64
  url: https://conda.anaconda.org/conda-forge/osx-arm64/pyyaml-6.0.2-py312h024a12e_1.conda
  sha256: b06f1c15fb39695bbf707ae8fb554b9a77519af577b5556784534c7db10b52e3
  md5: 1ee23620cf46cb15900f70a1300bae55
  depends:
  - __osx >=11.0
  - python >=3.12,<3.13.0a0
  - python >=3.12,<3.13.0a0 *_cpython
  - python_abi 3.12.* *_cp312
  - yaml >=0.2.5,<0.3.0a0
  license: MIT
  license_family: MIT
  size: 187143
  timestamp: 1725456547263
- kind: conda
  name: readline
  version: '8.2'
  build: h92ec313_1
  build_number: 1
  subdir: osx-arm64
  url: https://conda.anaconda.org/conda-forge/osx-arm64/readline-8.2-h92ec313_1.conda
  sha256: a1dfa679ac3f6007362386576a704ad2d0d7a02e98f5d0b115f207a2da63e884
  md5: 8cbb776a2f641b943d413b3e19df71f4
  depends:
  - ncurses >=6.3,<7.0a0
  license: GPL-3.0-only
  license_family: GPL
  size: 250351
  timestamp: 1679532511311
- kind: conda
  name: tk
  version: 8.6.13
  build: h5083fa2_1
  build_number: 1
  subdir: osx-arm64
  url: https://conda.anaconda.org/conda-forge/osx-arm64/tk-8.6.13-h5083fa2_1.conda
  sha256: 72457ad031b4c048e5891f3f6cb27a53cb479db68a52d965f796910e71a403a8
  md5: b50a57ba89c32b62428b71a875291c9b
  depends:
  - libzlib >=1.2.13,<2.0.0a0
  license: TCL
  license_family: BSD
  size: 3145523
  timestamp: 1699202432999
- kind: conda
  name: typing_extensions
  version: 4.12.2
  build: pyha770c72_0
  subdir: noarch
  noarch: python
  url: https://conda.anaconda.org/conda-forge/noarch/typing_extensions-4.12.2-pyha770c72_0.conda
  sha256: 0fce54f8ec3e59f5ef3bb7641863be4e1bf1279623e5af3d3fa726e8f7628ddb
  md5: ebe6952715e1d5eb567eeebf25250fa7
  depends:
  - python >=3.8
  license: PSF-2.0
  license_family: PSF
  size: 39888
  timestamp: 1717802653893
- kind: conda
  name: tzdata
  version: 2024b
  build: hc8b5060_0
  subdir: noarch
  noarch: generic
  url: https://conda.anaconda.org/conda-forge/noarch/tzdata-2024b-hc8b5060_0.conda
  sha256: 4fde5c3008bf5d2db82f2b50204464314cc3c91c1d953652f7bd01d9e52aefdf
  md5: 8ac3367aafb1cc0a068483c580af8015
  license: LicenseRef-Public-Domain
  size: 122354
  timestamp: 1728047496079
- kind: conda
  name: xz
  version: 5.2.6
  build: h57fd34a_0
  subdir: osx-arm64
  url: https://conda.anaconda.org/conda-forge/osx-arm64/xz-5.2.6-h57fd34a_0.tar.bz2
  sha256: 59d78af0c3e071021cfe82dc40134c19dab8cdf804324b62940f5c8cd71803ec
  md5: 39c6b54e94014701dd157f4f576ed211
  license: LGPL-2.1 and GPL-2.0
  size: 235693
  timestamp: 1660346961024
- kind: conda
  name: yaml
  version: 0.2.5
  build: h3422bc3_2
  build_number: 2
  subdir: osx-arm64
  url: https://conda.anaconda.org/conda-forge/osx-arm64/yaml-0.2.5-h3422bc3_2.tar.bz2
  sha256: 93181a04ba8cfecfdfb162fc958436d868cc37db504c58078eab4c1a3e57fbb7
  md5: 4bb3f014845110883a3c5ee811fd84b4
  license: MIT
  license_family: MIT
  size: 88016
  timestamp: 1641347076660
- kind: conda
  name: yarl
  version: 1.15.3
  build: py312h0bf5046_0
  subdir: osx-arm64
  url: https://conda.anaconda.org/conda-forge/osx-arm64/yarl-1.15.3-py312h0bf5046_0.conda
  sha256: 979756014645dc3cc53280a3c0403dff1f479d5ff40dfac7ec462696aa757d29
  md5: 5ab85b4e540da7a95d15f0bfaaab60ef
  depends:
  - __osx >=11.0
  - idna >=2.0
  - multidict >=4.0
  - propcache >=0.2.0
  - python >=3.12,<3.13.0a0
  - python >=3.12,<3.13.0a0 *_cpython
  - python_abi 3.12.* *_cp312
  license: Apache-2.0
  license_family: Apache
  size: 130583
  timestamp: 1729069942466
